// !$*UTF8*$!
{
	archiveVersion = 1;
	classes = {
	};
	objectVersion = 48;
	objects = {

/* Begin PBXBuildFile section */
		C07D9EDE1FAC08810057075C /* main.m in Sources */ = {isa = PBXBuildFile; fileRef = C07D9EDD1FAC08810057075C /* main.m */; };
		C07D9EE61FAC0C690057075C /* PaymentGateway.m in Sources */ = {isa = PBXBuildFile; fileRef = C07D9EE51FAC0C690057075C /* PaymentGateway.m */; };
		C07D9EE91FAC11B50057075C /* PayPalPaymentService.m in Sources */ = {isa = PBXBuildFile; fileRef = C07D9EE81FAC11B50057075C /* PayPalPaymentService.m */; };
		C07D9EEC1FAC11D70057075C /* StripePaymentService.m in Sources */ = {isa = PBXBuildFile; fileRef = C07D9EEB1FAC11D70057075C /* StripePaymentService.m */; };
		C07D9EEF1FAC11E90057075C /* AmazonPaymentService.m in Sources */ = {isa = PBXBuildFile; fileRef = C07D9EEE1FAC11E90057075C /* AmazonPaymentService.m */; };
		C07D9EF21FAC39460057075C /* ApplePaymentService.m in Sources */ = {isa = PBXBuildFile; fileRef = C07D9EF11FAC39460057075C /* ApplePaymentService.m */; };
/* End PBXBuildFile section */

/* Begin PBXCopyFilesBuildPhase section */
		C07D9ED81FAC08810057075C /* CopyFiles */ = {
			isa = PBXCopyFilesBuildPhase;
			buildActionMask = 2147483647;
			dstPath = /usr/share/man/man1/;
			dstSubfolderSpec = 0;
			files = (
			);
			runOnlyForDeploymentPostprocessing = 1;
		};
/* End PBXCopyFilesBuildPhase section */

/* Begin PBXFileReference section */
		C07D9EDA1FAC08810057075C /* Payments */ = {isa = PBXFileReference; explicitFileType = "compiled.mach-o.executable"; includeInIndex = 0; path = Payments; sourceTree = BUILT_PRODUCTS_DIR; };
		C07D9EDD1FAC08810057075C /* main.m */ = {isa = PBXFileReference; lastKnownFileType = sourcecode.c.objc; path = main.m; sourceTree = "<group>"; };
		C07D9EE41FAC0C690057075C /* PaymentGateway.h */ = {isa = PBXFileReference; lastKnownFileType = sourcecode.c.h; path = PaymentGateway.h; sourceTree = "<group>"; };
		C07D9EE51FAC0C690057075C /* PaymentGateway.m */ = {isa = PBXFileReference; lastKnownFileType = sourcecode.c.objc; path = PaymentGateway.m; sourceTree = "<group>"; };
		C07D9EE71FAC11B50057075C /* PayPalPaymentService.h */ = {isa = PBXFileReference; lastKnownFileType = sourcecode.c.h; path = PayPalPaymentService.h; sourceTree = "<group>"; };
		C07D9EE81FAC11B50057075C /* PayPalPaymentService.m */ = {isa = PBXFileReference; lastKnownFileType = sourcecode.c.objc; path = PayPalPaymentService.m; sourceTree = "<group>"; };
		C07D9EEA1FAC11D70057075C /* StripePaymentService.h */ = {isa = PBXFileReference; lastKnownFileType = sourcecode.c.h; path = StripePaymentService.h; sourceTree = "<group>"; };
		C07D9EEB1FAC11D70057075C /* StripePaymentService.m */ = {isa = PBXFileReference; lastKnownFileType = sourcecode.c.objc; path = StripePaymentService.m; sourceTree = "<group>"; };
		C07D9EED1FAC11E90057075C /* AmazonPaymentService.h */ = {isa = PBXFileReference; lastKnownFileType = sourcecode.c.h; path = AmazonPaymentService.h; sourceTree = "<group>"; };
		C07D9EEE1FAC11E90057075C /* AmazonPaymentService.m */ = {isa = PBXFileReference; lastKnownFileType = sourcecode.c.objc; path = AmazonPaymentService.m; sourceTree = "<group>"; };
		C07D9EF01FAC39460057075C /* ApplePaymentService.h */ = {isa = PBXFileReference; lastKnownFileType = sourcecode.c.h; path = ApplePaymentService.h; sourceTree = "<group>"; };
		C07D9EF11FAC39460057075C /* ApplePaymentService.m */ = {isa = PBXFileReference; lastKnownFileType = sourcecode.c.objc; path = ApplePaymentService.m; sourceTree = "<group>"; };
/* End PBXFileReference section */

/* Begin PBXFrameworksBuildPhase section */
		C07D9ED71FAC08810057075C /* Frameworks */ = {
			isa = PBXFrameworksBuildPhase;
			buildActionMask = 2147483647;
			files = (
			);
			runOnlyForDeploymentPostprocessing = 0;
		};
/* End PBXFrameworksBuildPhase section */

/* Begin PBXGroup section */
		C07D9ED11FAC08810057075C = {
			isa = PBXGroup;
			children = (
				C07D9EDC1FAC08810057075C /* Payments */,
				C07D9EDB1FAC08810057075C /* Products */,
			);
			sourceTree = "<group>";
		};
		C07D9EDB1FAC08810057075C /* Products */ = {
			isa = PBXGroup;
			children = (
				C07D9EDA1FAC08810057075C /* Payments */,
			);
			name = Products;
			sourceTree = "<group>";
		};
		C07D9EDC1FAC08810057075C /* Payments */ = {
			isa = PBXGroup;
			children = (
				C07D9EDD1FAC08810057075C /* main.m */,
				C07D9EF01FAC39460057075C /* ApplePaymentService.h */,
				C07D9EF11FAC39460057075C /* ApplePaymentService.m */,
				C07D9EED1FAC11E90057075C /* AmazonPaymentService.h */,
				C07D9EEE1FAC11E90057075C /* AmazonPaymentService.m */,
				C07D9EEA1FAC11D70057075C /* StripePaymentService.h */,
				C07D9EEB1FAC11D70057075C /* StripePaymentService.m */,
				C07D9EE71FAC11B50057075C /* PayPalPaymentService.h */,
				C07D9EE81FAC11B50057075C /* PayPalPaymentService.m */,
				C07D9EE41FAC0C690057075C /* PaymentGateway.h */,
				C07D9EE51FAC0C690057075C /* PaymentGateway.m */,
			);
			path = Payments;
			sourceTree = "<group>";
		};
/* End PBXGroup section */

/* Begin PBXNativeTarget section */
		C07D9ED91FAC08810057075C /* Payments */ = {
			isa = PBXNativeTarget;
			buildConfigurationList = C07D9EE11FAC08810057075C /* Build configuration list for PBXNativeTarget "Payments" */;
			buildPhases = (
				C07D9ED61FAC08810057075C /* Sources */,
				C07D9ED71FAC08810057075C /* Frameworks */,
				C07D9ED81FAC08810057075C /* CopyFiles */,
			);
			buildRules = (
			);
			dependencies = (
			);
			name = Payments;
			productName = Payments;
			productReference = C07D9EDA1FAC08810057075C /* Payments */;
			productType = "com.apple.product-type.tool";
		};
/* End PBXNativeTarget section */

/* Begin PBXProject section */
		C07D9ED21FAC08810057075C /* Project object */ = {
			isa = PBXProject;
			attributes = {
				LastUpgradeCheck = 0910;
				ORGANIZATIONNAME = "Daniel Grosman";
				TargetAttributes = {
					C07D9ED91FAC08810057075C = {
						CreatedOnToolsVersion = 9.1;
						ProvisioningStyle = Automatic;
					};
				};
			};
			buildConfigurationList = C07D9ED51FAC08810057075C /* Build configuration list for PBXProject "Payments" */;
			compatibilityVersion = "Xcode 8.0";
			developmentRegion = en;
			hasScannedForEncodings = 0;
			knownRegions = (
				en,
			);
			mainGroup = C07D9ED11FAC08810057075C;
			productRefGroup = C07D9EDB1FAC08810057075C /* Products */;
			projectDirPath = "";
			projectRoot = "";
			targets = (
				C07D9ED91FAC08810057075C /* Payments */,
			);
		};
/* End PBXProject section */

/* Begin PBXSourcesBuildPhase section */
		C07D9ED61FAC08810057075C /* Sources */ = {
			isa = PBXSourcesBuildPhase;
			buildActionMask = 2147483647;
			files = (
				C07D9EDE1FAC08810057075C /* main.m in Sources */,
				C07D9EEF1FAC11E90057075C /* AmazonPaymentService.m in Sources */,
				C07D9EE61FAC0C690057075C /* PaymentGateway.m in Sources */,
				C07D9EF21FAC39460057075C /* ApplePaymentService.m in Sources */,
				C07D9EE91FAC11B50057075C /* PayPalPaymentService.m in Sources */,
				C07D9EEC1FAC11D70057075C /* StripePaymentService.m in Sources */,
			);
			runOnlyForDeploymentPostprocessing = 0;
		};
/* End PBXSourcesBuildPhase section */

/* Begin XCBuildConfiguration section */
		C07D9EDF1FAC08810057075C /* Debug */ = {
			isa = XCBuildConfiguration;
			buildSettings = {
				ALWAYS_SEARCH_USER_PATHS = NO;
				CLANG_ANALYZER_NONNULL = YES;
				CLANG_ANALYZER_NUMBER_OBJECT_CONVERSION = YES_AGGRESSIVE;
				CLANG_CXX_LANGUAGE_STANDARD = "gnu++14";
				CLANG_CXX_LIBRARY = "libc++";
				CLANG_ENABLE_MODULES = YES;
				CLANG_ENABLE_OBJC_ARC = YES;
				CLANG_WARN_BLOCK_CAPTURE_AUTORELEASING = YES;
				CLANG_WARN_BOOL_CONVERSION = YES;
				CLANG_WARN_COMMA = YES;
				CLANG_WARN_CONSTANT_CONVERSION = YES;
				CLANG_WARN_DIRECT_OBJC_ISA_USAGE = YES_ERROR;
				CLANG_WARN_DOCUMENTATION_COMMENTS = YES;
				CLANG_WARN_EMPTY_BODY = YES;
				CLANG_WARN_ENUM_CONVERSION = YES;
				CLANG_WARN_INFINITE_RECURSION = YES;
				CLANG_WARN_INT_CONVERSION = YES;
				CLANG_WARN_NON_LITERAL_NULL_CONVERSION = YES;
				CLANG_WARN_OBJC_LITERAL_CONVERSION = YES;
				CLANG_WARN_OBJC_ROOT_CLASS = YES_ERROR;
				CLANG_WARN_RANGE_LOOP_ANALYSIS = YES;
				CLANG_WARN_STRICT_PROTOTYPES = YES;
				CLANG_WARN_SUSPICIOUS_MOVE = YES;
				CLANG_WARN_UNGUARDED_AVAILABILITY = YES_AGGRESSIVE;
				CLANG_WARN_UNREACHABLE_CODE = YES;
				CLANG_WARN__DUPLICATE_METHOD_MATCH = YES;
				CODE_SIGN_IDENTITY = "-";
				COPY_PHASE_STRIP = NO;
				DEBUG_INFORMATION_FORMAT = dwarf;
				ENABLE_STRICT_OBJC_MSGSEND = YES;
				ENABLE_TESTABILITY = YES;
				GCC_C_LANGUAGE_STANDARD = gnu11;
				GCC_DYNAMIC_NO_PIC = NO;
				GCC_NO_COMMON_BLOCKS = YES;
				GCC_OPTIMIZATION_LEVEL = 0;
				GCC_PREPROCESSOR_DEFINITIONS = (
					"DEBUG=1",
					"$(inherited)",
				);
				GCC_WARN_64_TO_32_BIT_CONVERSION = YES;
				GCC_WARN_ABOUT_RETURN_TYPE = YES_ERROR;
				GCC_WARN_UNDECLARED_SELECTOR = YES;
				GCC_WARN_UNINITIALIZED_AUTOS = YES_AGGRESSIVE;
				GCC_WARN_UNUSED_FUNCTION = YES;
				GCC_WARN_UNUSED_VARIABLE = YES;
				MACOSX_DEPLOYMENT_TARGET = 10.12;
				MTL_ENABLE_DEBUG_INFO = YES;
				ONLY_ACTIVE_ARCH = YES;
				SDKROOT = macosx;
			};
			name = Debug;
		};
		C07D9EE01FAC08810057075C /* Release */ = {
			isa = XCBuildConfiguration;
			buildSettings = {
				ALWAYS_SEARCH_USER_PATHS = NO;
				CLANG_ANALYZER_NONNULL = YES;
				CLANG_ANALYZER_NUMBER_OBJECT_CONVERSION = YES_AGGRESSIVE;
				CLANG_CXX_LANGUAGE_STANDARD = "gnu++14";
				CLANG_CXX_LIBRARY = "libc++";
				CLANG_ENABLE_MODULES = YES;
				CLANG_ENABLE_OBJC_ARC = YES;
				CLANG_WARN_BLOCK_CAPTURE_AUTORELEASING = YES;
				CLANG_WARN_BOOL_CONVERSION = YES;
				CLANG_WARN_COMMA = YES;
				CLANG_WARN_CONSTANT_CONVERSION = YES;
				CLANG_WARN_DIRECT_OBJC_ISA_USAGE = YES_ERROR;
				CLANG_WARN_DOCUMENTATION_COMMENTS = YES;
				CLANG_WARN_EMPTY_BODY = YES;
				CLANG_WARN_ENUM_CONVERSION = YES;
				CLANG_WARN_INFINITE_RECURSION = YES;
				CLANG_WARN_INT_CONVERSION = YES;
				CLANG_WARN_NON_LITERAL_NULL_CONVERSION = YES;
				CLANG_WARN_OBJC_LITERAL_CONVERSION = YES;
				CLANG_WARN_OBJC_ROOT_CLASS = YES_ERROR;
				CLANG_WARN_RANGE_LOOP_ANALYSIS = YES;
				CLANG_WARN_STRICT_PROTOTYPES = YES;
				CLANG_WARN_SUSPICIOUS_MOVE = YES;
				CLANG_WARN_UNGUARDED_AVAILABILITY = YES_AGGRESSIVE;
				CLANG_WARN_UNREACHABLE_CODE = YES;
				CLANG_WARN__DUPLICATE_METHOD_MATCH = YES;
				CODE_SIGN_IDENTITY = "-";
				COPY_PHASE_STRIP = NO;
				DEBUG_INFORMATION_FORMAT = "dwarf-with-dsym";
				ENABLE_NS_ASSERTIONS = NO;
				ENABLE_STRICT_OBJC_MSGSEND = YES;
				GCC_C_LANGUAGE_STANDARD = gnu11;
				GCC_NO_COMMON_BLOCKS = YES;
				GCC_WARN_64_TO_32_BIT_CONVERSION = YES;
				GCC_WARN_ABOUT_RETURN_TYPE = YES_ERROR;
				GCC_WARN_UNDECLARED_SELECTOR = YES;
				GCC_WARN_UNINITIALIZED_AUTOS = YES_AGGRESSIVE;
				GCC_WARN_UNUSED_FUNCTION = YES;
				GCC_WARN_UNUSED_VARIABLE = YES;
				MACOSX_DEPLOYMENT_TARGET = 10.12;
				MTL_ENABLE_DEBUG_INFO = NO;
				SDKROOT = macosx;
			};
			name = Release;
		};
		C07D9EE21FAC08810057075C /* Debug */ = {
			isa = XCBuildConfiguration;
			buildSettings = {
				CODE_SIGN_STYLE = Automatic;
				PRODUCT_NAME = "$(TARGET_NAME)";
			};
			name = Debug;
		};
		C07D9EE31FAC08810057075C /* Release */ = {
			isa = XCBuildConfiguration;
			buildSettings = {
				CODE_SIGN_STYLE = Automatic;
				PRODUCT_NAME = "$(TARGET_NAME)";
			};
			name = Release;
		};
/* End XCBuildConfiguration section */

/* Begin XCConfigurationList section */
		C07D9ED51FAC08810057075C /* Build configuration list for PBXProject "Payments" */ = {
			isa = XCConfigurationList;
			buildConfigurations = (
				C07D9EDF1FAC08810057075C /* Debug */,
				C07D9EE01FAC08810057075C /* Release */,
			);
			defaultConfigurationIsVisible = 0;
			defaultConfigurationName = Release;
		};
		C07D9EE11FAC08810057075C /* Build configuration list for PBXNativeTarget "Payments" */ = {
			isa = XCConfigurationList;
			buildConfigurations = (
				C07D9EE21FAC08810057075C /* Debug */,
				C07D9EE31FAC08810057075C /* Release */,
			);
			defaultConfigurationIsVisible = 0;
			defaultConfigurationName = Release;
		};
/* End XCConfigurationList section */
	};
	rootObject = C07D9ED21FAC08810057075C /* Project object */;
}
